
Microsoft Visual Studio Solution File, Format Version 12.00
# Visual Studio Version 16
VisualStudioVersion = 16.0.31624.102
MinimumVisualStudioVersion = 10.0.40219.1
Project("{FAE04EC0-301F-11D3-BF4B-00C04F79EFBC}") = "Unlock Pattern", "Unlock Pattern\Unlock Pattern.csproj", "{D564BEE5-3BC6-4021-AD2E-5B3E118F63D8}"
EndProject
Global
	GlobalSection(SolutionConfigurationPlatforms) = preSolution
		Debug|Any CPU = Debug|Any CPU
		Release|Any CPU = Release|Any CPU
	EndGlobalSection
	GlobalSection(ProjectConfigurationPlatforms) = postSolution
		{D564BEE5-3BC6-4021-AD2E-5B3E118F63D8}.Debug|Any CPU.ActiveCfg = Debug|Any CPU
		{D564BEE5-3BC6-4021-AD2E-5B3E118F63D8}.Debug|Any CPU.Build.0 = Debug|Any CPU
		{D564BEE5-3BC6-4021-AD2E-5B3E118F63D8}.Release|Any CPU.ActiveCfg = Release|Any CPU
		{D564BEE5-3BC6-4021-AD2E-5B3E118F63D8}.Release|Any CPU.Build.0 = Release|Any CPU
	EndGlobalSection
	GlobalSection(SolutionProperties) = preSolution
		HideSolutionNode = FALSE
	EndGlobalSection
	GlobalSection(ExtensibilityGlobals) = postSolution
		SolutionGuid = {D1E3C6B0-9694-49CB-AC57-8337CB90D876}
	EndGlobalSection
EndGlobal
